
Microsoft Visual Studio Solution File, Format Version 12.00
Project("{FAE04EC0-301F-11D3-BF4B-00C04F79EFBC}") = "Frontend", "Frontend\Frontend.csproj", "{97411255-158A-45CE-A44A-AEBD7BA2456F}"
EndProject
Project("{FAE04EC0-301F-11D3-BF4B-00C04F79EFBC}") = "Backend", "Backend\Backend.csproj", "{3F1021F4-F1F5-4982-8B36-388165B26DAA}"
EndProject
Project("{FAE04EC0-301F-11D3-BF4B-00C04F79EFBC}") = "Shared", "Shared\Shared.csproj", "{7284AB55-F65B-43F1-8818-F2EFAB1B934F}"
EndProject
Global
	GlobalSection(SolutionConfigurationPlatforms) = preSolution
		Debug|Any CPU = Debug|Any CPU
		Release|Any CPU = Release|Any CPU
	EndGlobalSection
	GlobalSection(ProjectConfigurationPlatforms) = postSolution
		{97411255-158A-45CE-A44A-AEBD7BA2456F}.Debug|Any CPU.ActiveCfg = Debug|Any CPU
		{97411255-158A-45CE-A44A-AEBD7BA2456F}.Debug|Any CPU.Build.0 = Debug|Any CPU
		{97411255-158A-45CE-A44A-AEBD7BA2456F}.Release|Any CPU.ActiveCfg = Release|Any CPU
		{97411255-158A-45CE-A44A-AEBD7BA2456F}.Release|Any CPU.Build.0 = Release|Any CPU
		{3F1021F4-F1F5-4982-8B36-388165B26DAA}.Debug|Any CPU.ActiveCfg = Debug|Any CPU
		{3F1021F4-F1F5-4982-8B36-388165B26DAA}.Debug|Any CPU.Build.0 = Debug|Any CPU
		{3F1021F4-F1F5-4982-8B36-388165B26DAA}.Release|Any CPU.ActiveCfg = Release|Any CPU
		{3F1021F4-F1F5-4982-8B36-388165B26DAA}.Release|Any CPU.Build.0 = Release|Any CPU
		{7284AB55-F65B-43F1-8818-F2EFAB1B934F}.Debug|Any CPU.ActiveCfg = Debug|Any CPU
		{7284AB55-F65B-43F1-8818-F2EFAB1B934F}.Debug|Any CPU.Build.0 = Debug|Any CPU
		{7284AB55-F65B-43F1-8818-F2EFAB1B934F}.Release|Any CPU.ActiveCfg = Release|Any CPU
		{7284AB55-F65B-43F1-8818-F2EFAB1B934F}.Release|Any CPU.Build.0 = Release|Any CPU
	EndGlobalSection
EndGlobal
