
Microsoft Visual Studio Solution File, Format Version 12.00
Project("{FAE04EC0-301F-11D3-BF4B-00C04F79EFBC}") = "Frontend", "Frontend\Frontend.csproj", "{4C06D4FD-8822-4948-90A3-E03F5365ADFC}"
EndProject
Project("{FAE04EC0-301F-11D3-BF4B-00C04F79EFBC}") = "Backend", "Backend\Backend.csproj", "{3E1B2EF7-7F9E-412D-BCCA-7BC021F743BE}"
EndProject
Project("{FAE04EC0-301F-11D3-BF4B-00C04F79EFBC}") = "Core", "Core\Core.csproj", "{3ED3B914-D9DA-4492-B02F-3533BF75ACF4}"
EndProject
Project("{FAE04EC0-301F-11D3-BF4B-00C04F79EFBC}") = "Application", "Application\Application.csproj", "{3268DAAE-2B6F-4816-89B8-3852BFA3507F}"
EndProject
Project("{FAE04EC0-301F-11D3-BF4B-00C04F79EFBC}") = "Infrastructure", "Infrastructure\Infrastructure.csproj", "{8F197603-781B-492D-8E94-F269DFFB0079}"
EndProject
Global
	GlobalSection(SolutionConfigurationPlatforms) = preSolution
		Debug|Any CPU = Debug|Any CPU
		Release|Any CPU = Release|Any CPU
	EndGlobalSection
	GlobalSection(ProjectConfigurationPlatforms) = postSolution
		{4C06D4FD-8822-4948-90A3-E03F5365ADFC}.Debug|Any CPU.ActiveCfg = Debug|Any CPU
		{4C06D4FD-8822-4948-90A3-E03F5365ADFC}.Debug|Any CPU.Build.0 = Debug|Any CPU
		{4C06D4FD-8822-4948-90A3-E03F5365ADFC}.Release|Any CPU.ActiveCfg = Release|Any CPU
		{4C06D4FD-8822-4948-90A3-E03F5365ADFC}.Release|Any CPU.Build.0 = Release|Any CPU
		{3E1B2EF7-7F9E-412D-BCCA-7BC021F743BE}.Debug|Any CPU.ActiveCfg = Debug|Any CPU
		{3E1B2EF7-7F9E-412D-BCCA-7BC021F743BE}.Debug|Any CPU.Build.0 = Debug|Any CPU
		{3E1B2EF7-7F9E-412D-BCCA-7BC021F743BE}.Release|Any CPU.ActiveCfg = Release|Any CPU
		{3E1B2EF7-7F9E-412D-BCCA-7BC021F743BE}.Release|Any CPU.Build.0 = Release|Any CPU
		{3ED3B914-D9DA-4492-B02F-3533BF75ACF4}.Debug|Any CPU.ActiveCfg = Debug|Any CPU
		{3ED3B914-D9DA-4492-B02F-3533BF75ACF4}.Debug|Any CPU.Build.0 = Debug|Any CPU
		{3ED3B914-D9DA-4492-B02F-3533BF75ACF4}.Release|Any CPU.ActiveCfg = Release|Any CPU
		{3ED3B914-D9DA-4492-B02F-3533BF75ACF4}.Release|Any CPU.Build.0 = Release|Any CPU
		{3268DAAE-2B6F-4816-89B8-3852BFA3507F}.Debug|Any CPU.ActiveCfg = Debug|Any CPU
		{3268DAAE-2B6F-4816-89B8-3852BFA3507F}.Debug|Any CPU.Build.0 = Debug|Any CPU
		{3268DAAE-2B6F-4816-89B8-3852BFA3507F}.Release|Any CPU.ActiveCfg = Release|Any CPU
		{3268DAAE-2B6F-4816-89B8-3852BFA3507F}.Release|Any CPU.Build.0 = Release|Any CPU
		{8F197603-781B-492D-8E94-F269DFFB0079}.Debug|Any CPU.ActiveCfg = Debug|Any CPU
		{8F197603-781B-492D-8E94-F269DFFB0079}.Debug|Any CPU.Build.0 = Debug|Any CPU
		{8F197603-781B-492D-8E94-F269DFFB0079}.Release|Any CPU.ActiveCfg = Release|Any CPU
		{8F197603-781B-492D-8E94-F269DFFB0079}.Release|Any CPU.Build.0 = Release|Any CPU
	EndGlobalSection
EndGlobal
